
Microsoft Visual Studio Solution File, Format Version 12.00
# Visual Studio Version 17
VisualStudioVersion = 17.3.32811.315
MinimumVisualStudioVersion = 10.0.40219.1
Project("{FAE04EC0-301F-11D3-BF4B-00C04F79EFBC}") = "ExpenseTracker.MVC", "ExpenseTracker.MVC\ExpenseTracker.MVC.csproj", "{DF1B1BC4-B9CD-4A17-83FE-CAC09B97921D}"
EndProject
Project("{FAE04EC0-301F-11D3-BF4B-00C04F79EFBC}") = "ExpenseTracker.BLL", "ExpenseTracker.BLL\ExpenseTracker.BLL.csproj", "{3B691D20-FFB9-4406-95EE-A1AEBEB6CCC6}"
EndProject
Project("{FAE04EC0-301F-11D3-BF4B-00C04F79EFBC}") = "ExpenseTracker.DAL", "ExpenseTracker.DAL\ExpenseTracker.DAL.csproj", "{407BC7C1-3ABE-46B9-BA58-FEDAADC604EA}"
EndProject
Global
	GlobalSection(SolutionConfigurationPlatforms) = preSolution
		Debug|Any CPU = Debug|Any CPU
		Release|Any CPU = Release|Any CPU
	EndGlobalSection
	GlobalSection(ProjectConfigurationPlatforms) = postSolution
		{DF1B1BC4-B9CD-4A17-83FE-CAC09B97921D}.Debug|Any CPU.ActiveCfg = Debug|Any CPU
		{DF1B1BC4-B9CD-4A17-83FE-CAC09B97921D}.Debug|Any CPU.Build.0 = Debug|Any CPU
		{DF1B1BC4-B9CD-4A17-83FE-CAC09B97921D}.Release|Any CPU.ActiveCfg = Release|Any CPU
		{DF1B1BC4-B9CD-4A17-83FE-CAC09B97921D}.Release|Any CPU.Build.0 = Release|Any CPU
		{3B691D20-FFB9-4406-95EE-A1AEBEB6CCC6}.Debug|Any CPU.ActiveCfg = Debug|Any CPU
		{3B691D20-FFB9-4406-95EE-A1AEBEB6CCC6}.Debug|Any CPU.Build.0 = Debug|Any CPU
		{3B691D20-FFB9-4406-95EE-A1AEBEB6CCC6}.Release|Any CPU.ActiveCfg = Release|Any CPU
		{3B691D20-FFB9-4406-95EE-A1AEBEB6CCC6}.Release|Any CPU.Build.0 = Release|Any CPU
		{407BC7C1-3ABE-46B9-BA58-FEDAADC604EA}.Debug|Any CPU.ActiveCfg = Debug|Any CPU
		{407BC7C1-3ABE-46B9-BA58-FEDAADC604EA}.Debug|Any CPU.Build.0 = Debug|Any CPU
		{407BC7C1-3ABE-46B9-BA58-FEDAADC604EA}.Release|Any CPU.ActiveCfg = Release|Any CPU
		{407BC7C1-3ABE-46B9-BA58-FEDAADC604EA}.Release|Any CPU.Build.0 = Release|Any CPU
	EndGlobalSection
	GlobalSection(SolutionProperties) = preSolution
		HideSolutionNode = FALSE
	EndGlobalSection
	GlobalSection(ExtensibilityGlobals) = postSolution
		SolutionGuid = {C8FE0E9B-405A-4D88-91B4-56E7E3565079}
	EndGlobalSection
EndGlobal
